{
  "requires": true,
  "lockfileVersion": 1,
  "dependencies": {
    "foundation-sites": {
      "version": "6.5.1",
      "resolved": "https://registry.npmjs.org/foundation-sites/-/foundation-sites-6.5.1.tgz",
      "integrity": "sha512-Z+FiBvogwIDjRlefJ5pYkVcmsGx3pbndRJ80+OvPvI9UwfKCif6YtOyTxpCjUoS3XBlOms5vYonfnasp2V2wZw=="
    },
    "html5-boilerplate": {
      "version": "6.1.0",
      "resolved": "https://registry.npmjs.org/html5-boilerplate/-/html5-boilerplate-6.1.0.tgz",
      "integrity": "sha512-JK7Z1WSBC9meZaskh/RF2BFyKEzvdSdyN58w3GRW36YTv2jeNvAnuPFt33ZOigjqLq0dGxcTveGx/34au9XbCw=="
    }
  }
}
